// !$*UTF8*$!
{
	archiveVersion = 1;
	classes = {
	};
	objectVersion = 50;
	objects = {

/* Begin PBXBuildFile section */
		4000F07D273A5F7F00B06CC7 /* main.cpp in Sources */ = {isa = PBXBuildFile; fileRef = 4000F07C273A5F7F00B06CC7 /* main.cpp */; };
		400E74AE2726A46800137321 /* main.cpp in Sources */ = {isa = PBXBuildFile; fileRef = 400E74AD2726A46800137321 /* main.cpp */; };
		40156E79271192F70057A47C /* main.cpp in Sources */ = {isa = PBXBuildFile; fileRef = 40156E78271192F70057A47C /* main.cpp */; };
		4028882D2713CD6F00D8B2E2 /* main.cpp in Sources */ = {isa = PBXBuildFile; fileRef = 4028882C2713CD6F00D8B2E2 /* main.cpp */; };
		402C71E22717B3E300A35EA0 /* math.cpp in Sources */ = {isa = PBXBuildFile; fileRef = 402C71E02717B3E300A35EA0 /* math.cpp */; };
		402C71EE2717B8D700A35EA0 /* cmath.cpp in Sources */ = {isa = PBXBuildFile; fileRef = 402C71ED2717B8D700A35EA0 /* cmath.cpp */; };
		403607CD272102F0008B1580 /* main.cpp in Sources */ = {isa = PBXBuildFile; fileRef = 403607CC272102F0008B1580 /* main.cpp */; };
		40686F4827279DE400E1BBFB /* main.cpp in Sources */ = {isa = PBXBuildFile; fileRef = 40686F4727279DE400E1BBFB /* main.cpp */; };
		40686F582727B16300E1BBFB /* main.cpp in Sources */ = {isa = PBXBuildFile; fileRef = 40686F572727B16300E1BBFB /* main.cpp */; };
		40F850AF2728038D00B8DCB5 /* main.cpp in Sources */ = {isa = PBXBuildFile; fileRef = 40F850AE2728038D00B8DCB5 /* main.cpp */; };
		40FD79122744DDA40043898C /* main.cpp in Sources */ = {isa = PBXBuildFile; fileRef = 40FD79112744DDA40043898C /* main.cpp */; };
/* End PBXBuildFile section */

/* Begin PBXCopyFilesBuildPhase section */
		4000F078273A5F7F00B06CC7 /* CopyFiles */ = {
			isa = PBXCopyFilesBuildPhase;
			buildActionMask = 2147483647;
			dstPath = /usr/share/man/man1/;
			dstSubfolderSpec = 0;
			files = (
			);
			runOnlyForDeploymentPostprocessing = 1;
		};
		400E74A92726A46800137321 /* CopyFiles */ = {
			isa = PBXCopyFilesBuildPhase;
			buildActionMask = 2147483647;
			dstPath = /usr/share/man/man1/;
			dstSubfolderSpec = 0;
			files = (
			);
			runOnlyForDeploymentPostprocessing = 1;
		};
		40156E73271192F70057A47C /* CopyFiles */ = {
			isa = PBXCopyFilesBuildPhase;
			buildActionMask = 2147483647;
			dstPath = /usr/share/man/man1/;
			dstSubfolderSpec = 0;
			files = (
			);
			runOnlyForDeploymentPostprocessing = 1;
		};
		402888282713CD6F00D8B2E2 /* CopyFiles */ = {
			isa = PBXCopyFilesBuildPhase;
			buildActionMask = 2147483647;
			dstPath = /usr/share/man/man1/;
			dstSubfolderSpec = 0;
			files = (
			);
			runOnlyForDeploymentPostprocessing = 1;
		};
		403607C8272102F0008B1580 /* CopyFiles */ = {
			isa = PBXCopyFilesBuildPhase;
			buildActionMask = 2147483647;
			dstPath = /usr/share/man/man1/;
			dstSubfolderSpec = 0;
			files = (
			);
			runOnlyForDeploymentPostprocessing = 1;
		};
		40686F4327279DE400E1BBFB /* CopyFiles */ = {
			isa = PBXCopyFilesBuildPhase;
			buildActionMask = 2147483647;
			dstPath = /usr/share/man/man1/;
			dstSubfolderSpec = 0;
			files = (
			);
			runOnlyForDeploymentPostprocessing = 1;
		};
		40686F532727B16300E1BBFB /* CopyFiles */ = {
			isa = PBXCopyFilesBuildPhase;
			buildActionMask = 2147483647;
			dstPath = /usr/share/man/man1/;
			dstSubfolderSpec = 0;
			files = (
			);
			runOnlyForDeploymentPostprocessing = 1;
		};
		40F850AA2728038D00B8DCB5 /* CopyFiles */ = {
			isa = PBXCopyFilesBuildPhase;
			buildActionMask = 2147483647;
			dstPath = /usr/share/man/man1/;
			dstSubfolderSpec = 0;
			files = (
			);
			runOnlyForDeploymentPostprocessing = 1;
		};
		40FD790D2744DDA40043898C /* CopyFiles */ = {
			isa = PBXCopyFilesBuildPhase;
			buildActionMask = 2147483647;
			dstPath = /usr/share/man/man1/;
			dstSubfolderSpec = 0;
			files = (
			);
			runOnlyForDeploymentPostprocessing = 1;
		};
/* End PBXCopyFilesBuildPhase section */

/* Begin PBXFileReference section */
		4000F07A273A5F7F00B06CC7 /* FloatNum */ = {isa = PBXFileReference; explicitFileType = "compiled.mach-o.executable"; includeInIndex = 0; path = FloatNum; sourceTree = BUILT_PRODUCTS_DIR; };
		4000F07C273A5F7F00B06CC7 /* main.cpp */ = {isa = PBXFileReference; lastKnownFileType = sourcecode.cpp.cpp; path = main.cpp; sourceTree = "<group>"; };
		400E74AB2726A46800137321 /* Limits */ = {isa = PBXFileReference; explicitFileType = "compiled.mach-o.executable"; includeInIndex = 0; path = Limits; sourceTree = BUILT_PRODUCTS_DIR; };
		400E74AD2726A46800137321 /* main.cpp */ = {isa = PBXFileReference; lastKnownFileType = sourcecode.cpp.cpp; path = main.cpp; sourceTree = "<group>"; };
		40156E75271192F70057A47C /* Foundation */ = {isa = PBXFileReference; explicitFileType = "compiled.mach-o.executable"; includeInIndex = 0; path = Foundation; sourceTree = BUILT_PRODUCTS_DIR; };
		40156E78271192F70057A47C /* main.cpp */ = {isa = PBXFileReference; lastKnownFileType = sourcecode.cpp.cpp; path = main.cpp; sourceTree = "<group>"; };
		4028882A2713CD6F00D8B2E2 /* AddArray */ = {isa = PBXFileReference; explicitFileType = "compiled.mach-o.executable"; includeInIndex = 0; path = AddArray; sourceTree = BUILT_PRODUCTS_DIR; };
		4028882C2713CD6F00D8B2E2 /* main.cpp */ = {isa = PBXFileReference; lastKnownFileType = sourcecode.cpp.cpp; path = main.cpp; sourceTree = "<group>"; };
		402C71E02717B3E300A35EA0 /* math.cpp */ = {isa = PBXFileReference; lastKnownFileType = sourcecode.cpp.cpp; path = math.cpp; sourceTree = "<group>"; };
		402C71EA2717B59B00A35EA0 /* math.h */ = {isa = PBXFileReference; lastKnownFileType = sourcecode.c.h; path = math.h; sourceTree = "<group>"; };
		402C71ED2717B8D700A35EA0 /* cmath.cpp */ = {isa = PBXFileReference; lastKnownFileType = sourcecode.cpp.cpp; path = cmath.cpp; sourceTree = "<group>"; };
		402C71F12717B94700A35EA0 /* cmath.h */ = {isa = PBXFileReference; lastKnownFileType = sourcecode.c.h; path = cmath.h; sourceTree = "<group>"; };
		403607CA272102F0008B1580 /* TempConvert */ = {isa = PBXFileReference; explicitFileType = "compiled.mach-o.executable"; includeInIndex = 0; path = TempConvert; sourceTree = BUILT_PRODUCTS_DIR; };
		403607CC272102F0008B1580 /* main.cpp */ = {isa = PBXFileReference; lastKnownFileType = sourcecode.cpp.cpp; path = main.cpp; sourceTree = "<group>"; };
		40686F4527279DE400E1BBFB /* Exceed */ = {isa = PBXFileReference; explicitFileType = "compiled.mach-o.executable"; includeInIndex = 0; path = Exceed; sourceTree = BUILT_PRODUCTS_DIR; };
		40686F4727279DE400E1BBFB /* main.cpp */ = {isa = PBXFileReference; lastKnownFileType = sourcecode.cpp.cpp; path = main.cpp; sourceTree = "<group>"; };
		40686F552727B16300E1BBFB /* HexOct */ = {isa = PBXFileReference; explicitFileType = "compiled.mach-o.executable"; includeInIndex = 0; path = HexOct; sourceTree = BUILT_PRODUCTS_DIR; };
		40686F572727B16300E1BBFB /* main.cpp */ = {isa = PBXFileReference; lastKnownFileType = sourcecode.cpp.cpp; path = main.cpp; sourceTree = "<group>"; };
		40F850AC2728038D00B8DCB5 /* Bondini */ = {isa = PBXFileReference; explicitFileType = "compiled.mach-o.executable"; includeInIndex = 0; path = Bondini; sourceTree = BUILT_PRODUCTS_DIR; };
		40F850AE2728038D00B8DCB5 /* main.cpp */ = {isa = PBXFileReference; lastKnownFileType = sourcecode.cpp.cpp; path = main.cpp; sourceTree = "<group>"; };
		40FD790F2744DDA40043898C /* FloatAdd */ = {isa = PBXFileReference; explicitFileType = "compiled.mach-o.executable"; includeInIndex = 0; path = FloatAdd; sourceTree = BUILT_PRODUCTS_DIR; };
		40FD79112744DDA40043898C /* main.cpp */ = {isa = PBXFileReference; lastKnownFileType = sourcecode.cpp.cpp; path = main.cpp; sourceTree = "<group>"; };
/* End PBXFileReference section */

/* Begin PBXFrameworksBuildPhase section */
		4000F077273A5F7F00B06CC7 /* Frameworks */ = {
			isa = PBXFrameworksBuildPhase;
			buildActionMask = 2147483647;
			files = (
			);
			runOnlyForDeploymentPostprocessing = 0;
		};
		400E74A82726A46800137321 /* Frameworks */ = {
			isa = PBXFrameworksBuildPhase;
			buildActionMask = 2147483647;
			files = (
			);
			runOnlyForDeploymentPostprocessing = 0;
		};
		40156E72271192F70057A47C /* Frameworks */ = {
			isa = PBXFrameworksBuildPhase;
			buildActionMask = 2147483647;
			files = (
			);
			runOnlyForDeploymentPostprocessing = 0;
		};
		402888272713CD6F00D8B2E2 /* Frameworks */ = {
			isa = PBXFrameworksBuildPhase;
			buildActionMask = 2147483647;
			files = (
			);
			runOnlyForDeploymentPostprocessing = 0;
		};
		403607C7272102F0008B1580 /* Frameworks */ = {
			isa = PBXFrameworksBuildPhase;
			buildActionMask = 2147483647;
			files = (
			);
			runOnlyForDeploymentPostprocessing = 0;
		};
		40686F4227279DE400E1BBFB /* Frameworks */ = {
			isa = PBXFrameworksBuildPhase;
			buildActionMask = 2147483647;
			files = (
			);
			runOnlyForDeploymentPostprocessing = 0;
		};
		40686F522727B16300E1BBFB /* Frameworks */ = {
			isa = PBXFrameworksBuildPhase;
			buildActionMask = 2147483647;
			files = (
			);
			runOnlyForDeploymentPostprocessing = 0;
		};
		40F850A92728038D00B8DCB5 /* Frameworks */ = {
			isa = PBXFrameworksBuildPhase;
			buildActionMask = 2147483647;
			files = (
			);
			runOnlyForDeploymentPostprocessing = 0;
		};
		40FD790C2744DDA40043898C /* Frameworks */ = {
			isa = PBXFrameworksBuildPhase;
			buildActionMask = 2147483647;
			files = (
			);
			runOnlyForDeploymentPostprocessing = 0;
		};
/* End PBXFrameworksBuildPhase section */

/* Begin PBXGroup section */
		4000F07B273A5F7F00B06CC7 /* FloatNum */ = {
			isa = PBXGroup;
			children = (
				4000F07C273A5F7F00B06CC7 /* main.cpp */,
			);
			path = FloatNum;
			sourceTree = "<group>";
		};
		400E74AC2726A46800137321 /* Limits */ = {
			isa = PBXGroup;
			children = (
				400E74AD2726A46800137321 /* main.cpp */,
			);
			path = Limits;
			sourceTree = "<group>";
		};
		40156E6C271192F70057A47C = {
			isa = PBXGroup;
			children = (
				40156E77271192F70057A47C /* Foundation */,
				4028882B2713CD6F00D8B2E2 /* AddArray */,
				403607CB272102F0008B1580 /* TempConvert */,
				400E74AC2726A46800137321 /* Limits */,
				40686F4627279DE400E1BBFB /* Exceed */,
				40686F562727B16300E1BBFB /* HexOct */,
				40F850AD2728038D00B8DCB5 /* Bondini */,
				4000F07B273A5F7F00B06CC7 /* FloatNum */,
				40FD79102744DDA40043898C /* FloatAdd */,
				40156E76271192F70057A47C /* Products */,
			);
			sourceTree = "<group>";
		};
		40156E76271192F70057A47C /* Products */ = {
			isa = PBXGroup;
			children = (
				40156E75271192F70057A47C /* Foundation */,
				4028882A2713CD6F00D8B2E2 /* AddArray */,
				403607CA272102F0008B1580 /* TempConvert */,
				400E74AB2726A46800137321 /* Limits */,
				40686F4527279DE400E1BBFB /* Exceed */,
				40686F552727B16300E1BBFB /* HexOct */,
				40F850AC2728038D00B8DCB5 /* Bondini */,
				4000F07A273A5F7F00B06CC7 /* FloatNum */,
				40FD790F2744DDA40043898C /* FloatAdd */,
			);
			name = Products;
			sourceTree = "<group>";
		};
		40156E77271192F70057A47C /* Foundation */ = {
			isa = PBXGroup;
			children = (
				402C71DF2717B3B200A35EA0 /* header */,
				40156E78271192F70057A47C /* main.cpp */,
				402C71E02717B3E300A35EA0 /* math.cpp */,
				402C71ED2717B8D700A35EA0 /* cmath.cpp */,
			);
			path = Foundation;
			sourceTree = "<group>";
		};
		4028882B2713CD6F00D8B2E2 /* AddArray */ = {
			isa = PBXGroup;
			children = (
				4028882C2713CD6F00D8B2E2 /* main.cpp */,
			);
			path = AddArray;
			sourceTree = "<group>";
		};
		402C71DF2717B3B200A35EA0 /* header */ = {
			isa = PBXGroup;
			children = (
				402C71EA2717B59B00A35EA0 /* math.h */,
				402C71F12717B94700A35EA0 /* cmath.h */,
			);
			path = header;
			sourceTree = "<group>";
		};
		403607CB272102F0008B1580 /* TempConvert */ = {
			isa = PBXGroup;
			children = (
				403607CC272102F0008B1580 /* main.cpp */,
			);
			path = TempConvert;
			sourceTree = "<group>";
		};
		40686F4627279DE400E1BBFB /* Exceed */ = {
			isa = PBXGroup;
			children = (
				40686F4727279DE400E1BBFB /* main.cpp */,
			);
			path = Exceed;
			sourceTree = "<group>";
		};
		40686F562727B16300E1BBFB /* HexOct */ = {
			isa = PBXGroup;
			children = (
				40686F572727B16300E1BBFB /* main.cpp */,
			);
			path = HexOct;
			sourceTree = "<group>";
		};
		40F850AD2728038D00B8DCB5 /* Bondini */ = {
			isa = PBXGroup;
			children = (
				40F850AE2728038D00B8DCB5 /* main.cpp */,
			);
			path = Bondini;
			sourceTree = "<group>";
		};
		40FD79102744DDA40043898C /* FloatAdd */ = {
			isa = PBXGroup;
			children = (
				40FD79112744DDA40043898C /* main.cpp */,
			);
			path = FloatAdd;
			sourceTree = "<group>";
		};
/* End PBXGroup section */

/* Begin PBXNativeTarget section */
		4000F079273A5F7F00B06CC7 /* FloatNum */ = {
			isa = PBXNativeTarget;
			buildConfigurationList = 4000F080273A5F7F00B06CC7 /* Build configuration list for PBXNativeTarget "FloatNum" */;
			buildPhases = (
				4000F076273A5F7F00B06CC7 /* Sources */,
				4000F077273A5F7F00B06CC7 /* Frameworks */,
				4000F078273A5F7F00B06CC7 /* CopyFiles */,
			);
			buildRules = (
			);
			dependencies = (
			);
			name = FloatNum;
			productName = FloatNum;
			productReference = 4000F07A273A5F7F00B06CC7 /* FloatNum */;
			productType = "com.apple.product-type.tool";
		};
		400E74AA2726A46800137321 /* Limits */ = {
			isa = PBXNativeTarget;
			buildConfigurationList = 400E74B12726A46800137321 /* Build configuration list for PBXNativeTarget "Limits" */;
			buildPhases = (
				400E74A72726A46800137321 /* Sources */,
				400E74A82726A46800137321 /* Frameworks */,
				400E74A92726A46800137321 /* CopyFiles */,
			);
			buildRules = (
			);
			dependencies = (
			);
			name = Limits;
			productName = Limits;
			productReference = 400E74AB2726A46800137321 /* Limits */;
			productType = "com.apple.product-type.tool";
		};
		40156E74271192F70057A47C /* Foundation */ = {
			isa = PBXNativeTarget;
			buildConfigurationList = 40156E7C271192F70057A47C /* Build configuration list for PBXNativeTarget "Foundation" */;
			buildPhases = (
				40156E71271192F70057A47C /* Sources */,
				40156E72271192F70057A47C /* Frameworks */,
				40156E73271192F70057A47C /* CopyFiles */,
			);
			buildRules = (
			);
			dependencies = (
			);
			name = Foundation;
			productName = Foundation;
			productReference = 40156E75271192F70057A47C /* Foundation */;
			productType = "com.apple.product-type.tool";
		};
		402888292713CD6F00D8B2E2 /* AddArray */ = {
			isa = PBXNativeTarget;
			buildConfigurationList = 4028882E2713CD6F00D8B2E2 /* Build configuration list for PBXNativeTarget "AddArray" */;
			buildPhases = (
				402888262713CD6F00D8B2E2 /* Sources */,
				402888272713CD6F00D8B2E2 /* Frameworks */,
				402888282713CD6F00D8B2E2 /* CopyFiles */,
			);
			buildRules = (
			);
			dependencies = (
			);
			name = AddArray;
			productName = AddArray;
			productReference = 4028882A2713CD6F00D8B2E2 /* AddArray */;
			productType = "com.apple.product-type.tool";
		};
		403607C9272102F0008B1580 /* TempConvert */ = {
			isa = PBXNativeTarget;
			buildConfigurationList = 403607CE272102F0008B1580 /* Build configuration list for PBXNativeTarget "TempConvert" */;
			buildPhases = (
				403607C6272102F0008B1580 /* Sources */,
				403607C7272102F0008B1580 /* Frameworks */,
				403607C8272102F0008B1580 /* CopyFiles */,
			);
			buildRules = (
			);
			dependencies = (
			);
			name = TempConvert;
			productName = TempConvert;
			productReference = 403607CA272102F0008B1580 /* TempConvert */;
			productType = "com.apple.product-type.tool";
		};
		40686F4427279DE400E1BBFB /* Exceed */ = {
			isa = PBXNativeTarget;
			buildConfigurationList = 40686F4B27279DE400E1BBFB /* Build configuration list for PBXNativeTarget "Exceed" */;
			buildPhases = (
				40686F4127279DE400E1BBFB /* Sources */,
				40686F4227279DE400E1BBFB /* Frameworks */,
				40686F4327279DE400E1BBFB /* CopyFiles */,
			);
			buildRules = (
			);
			dependencies = (
			);
			name = Exceed;
			productName = Exceed;
			productReference = 40686F4527279DE400E1BBFB /* Exceed */;
			productType = "com.apple.product-type.tool";
		};
		40686F542727B16300E1BBFB /* HexOct */ = {
			isa = PBXNativeTarget;
			buildConfigurationList = 40686F592727B16300E1BBFB /* Build configuration list for PBXNativeTarget "HexOct" */;
			buildPhases = (
				40686F512727B16300E1BBFB /* Sources */,
				40686F522727B16300E1BBFB /* Frameworks */,
				40686F532727B16300E1BBFB /* CopyFiles */,
			);
			buildRules = (
			);
			dependencies = (
			);
			name = HexOct;
			productName = HexOct;
			productReference = 40686F552727B16300E1BBFB /* HexOct */;
			productType = "com.apple.product-type.tool";
		};
		40F850AB2728038D00B8DCB5 /* Bondini */ = {
			isa = PBXNativeTarget;
			buildConfigurationList = 40F850B22728038D00B8DCB5 /* Build configuration list for PBXNativeTarget "Bondini" */;
			buildPhases = (
				40F850A82728038D00B8DCB5 /* Sources */,
				40F850A92728038D00B8DCB5 /* Frameworks */,
				40F850AA2728038D00B8DCB5 /* CopyFiles */,
			);
			buildRules = (
			);
			dependencies = (
			);
			name = Bondini;
			productName = Bondini;
			productReference = 40F850AC2728038D00B8DCB5 /* Bondini */;
			productType = "com.apple.product-type.tool";
		};
		40FD790E2744DDA40043898C /* FloatAdd */ = {
			isa = PBXNativeTarget;
			buildConfigurationList = 40FD79152744DDA40043898C /* Build configuration list for PBXNativeTarget "FloatAdd" */;
			buildPhases = (
				40FD790B2744DDA40043898C /* Sources */,
				40FD790C2744DDA40043898C /* Frameworks */,
				40FD790D2744DDA40043898C /* CopyFiles */,
			);
			buildRules = (
			);
			dependencies = (
			);
			name = FloatAdd;
			productName = FloatAdd;
			productReference = 40FD790F2744DDA40043898C /* FloatAdd */;
			productType = "com.apple.product-type.tool";
		};
/* End PBXNativeTarget section */

/* Begin PBXProject section */
		40156E6D271192F70057A47C /* Project object */ = {
			isa = PBXProject;
			attributes = {
				LastUpgradeCheck = 1240;
				TargetAttributes = {
					4000F079273A5F7F00B06CC7 = {
						CreatedOnToolsVersion = 12.3;
					};
					400E74AA2726A46800137321 = {
						CreatedOnToolsVersion = 12.3;
					};
					40156E74271192F70057A47C = {
						CreatedOnToolsVersion = 12.4;
					};
					402888292713CD6F00D8B2E2 = {
						CreatedOnToolsVersion = 12.4;
					};
					403607C9272102F0008B1580 = {
						CreatedOnToolsVersion = 12.4;
					};
					40686F4427279DE400E1BBFB = {
						CreatedOnToolsVersion = 12.3;
					};
					40686F542727B16300E1BBFB = {
						CreatedOnToolsVersion = 12.3;
					};
					40F850AB2728038D00B8DCB5 = {
						CreatedOnToolsVersion = 12.3;
					};
					40FD790E2744DDA40043898C = {
						CreatedOnToolsVersion = 12.3;
					};
				};
			};
			buildConfigurationList = 40156E70271192F70057A47C /* Build configuration list for PBXProject "Foundation" */;
			compatibilityVersion = "Xcode 9.3";
			developmentRegion = en;
			hasScannedForEncodings = 0;
			knownRegions = (
				en,
				Base,
			);
			mainGroup = 40156E6C271192F70057A47C;
			productRefGroup = 40156E76271192F70057A47C /* Products */;
			projectDirPath = "";
			projectRoot = "";
			targets = (
				40156E74271192F70057A47C /* Foundation */,
				402888292713CD6F00D8B2E2 /* AddArray */,
				403607C9272102F0008B1580 /* TempConvert */,
				400E74AA2726A46800137321 /* Limits */,
				40686F4427279DE400E1BBFB /* Exceed */,
				40686F542727B16300E1BBFB /* HexOct */,
				40F850AB2728038D00B8DCB5 /* Bondini */,
				4000F079273A5F7F00B06CC7 /* FloatNum */,
				40FD790E2744DDA40043898C /* FloatAdd */,
			);
		};
/* End PBXProject section */

/* Begin PBXSourcesBuildPhase section */
		4000F076273A5F7F00B06CC7 /* Sources */ = {
			isa = PBXSourcesBuildPhase;
			buildActionMask = 2147483647;
			files = (
				4000F07D273A5F7F00B06CC7 /* main.cpp in Sources */,
			);
			runOnlyForDeploymentPostprocessing = 0;
		};
		400E74A72726A46800137321 /* Sources */ = {
			isa = PBXSourcesBuildPhase;
			buildActionMask = 2147483647;
			files = (
				400E74AE2726A46800137321 /* main.cpp in Sources */,
			);
			runOnlyForDeploymentPostprocessing = 0;
		};
		40156E71271192F70057A47C /* Sources */ = {
			isa = PBXSourcesBuildPhase;
			buildActionMask = 2147483647;
			files = (
				402C71EE2717B8D700A35EA0 /* cmath.cpp in Sources */,
				40156E79271192F70057A47C /* main.cpp in Sources */,
				402C71E22717B3E300A35EA0 /* math.cpp in Sources */,
			);
			runOnlyForDeploymentPostprocessing = 0;
		};
		402888262713CD6F00D8B2E2 /* Sources */ = {
			isa = PBXSourcesBuildPhase;
			buildActionMask = 2147483647;
			files = (
				4028882D2713CD6F00D8B2E2 /* main.cpp in Sources */,
			);
			runOnlyForDeploymentPostprocessing = 0;
		};
		403607C6272102F0008B1580 /* Sources */ = {
			isa = PBXSourcesBuildPhase;
			buildActionMask = 2147483647;
			files = (
				403607CD272102F0008B1580 /* main.cpp in Sources */,
			);
			runOnlyForDeploymentPostprocessing = 0;
		};
		40686F4127279DE400E1BBFB /* Sources */ = {
			isa = PBXSourcesBuildPhase;
			buildActionMask = 2147483647;
			files = (
				40686F4827279DE400E1BBFB /* main.cpp in Sources */,
			);
			runOnlyForDeploymentPostprocessing = 0;
		};
		40686F512727B16300E1BBFB /* Sources */ = {
			isa = PBXSourcesBuildPhase;
			buildActionMask = 2147483647;
			files = (
				40686F582727B16300E1BBFB /* main.cpp in Sources */,
			);
			runOnlyForDeploymentPostprocessing = 0;
		};
		40F850A82728038D00B8DCB5 /* Sources */ = {
			isa = PBXSourcesBuildPhase;
			buildActionMask = 2147483647;
			files = (
				40F850AF2728038D00B8DCB5 /* main.cpp in Sources */,
			);
			runOnlyForDeploymentPostprocessing = 0;
		};
		40FD790B2744DDA40043898C /* Sources */ = {
			isa = PBXSourcesBuildPhase;
			buildActionMask = 2147483647;
			files = (
				40FD79122744DDA40043898C /* main.cpp in Sources */,
			);
			runOnlyForDeploymentPostprocessing = 0;
		};
/* End PBXSourcesBuildPhase section */

/* Begin XCBuildConfiguration section */
		4000F07E273A5F7F00B06CC7 /* Debug */ = {
			isa = XCBuildConfiguration;
			buildSettings = {
				CODE_SIGN_STYLE = Automatic;
				PRODUCT_NAME = "$(TARGET_NAME)";
			};
			name = Debug;
		};
		4000F07F273A5F7F00B06CC7 /* Release */ = {
			isa = XCBuildConfiguration;
			buildSettings = {
				CODE_SIGN_STYLE = Automatic;
				PRODUCT_NAME = "$(TARGET_NAME)";
			};
			name = Release;
		};
		400E74AF2726A46800137321 /* Debug */ = {
			isa = XCBuildConfiguration;
			buildSettings = {
				CODE_SIGN_STYLE = Automatic;
				PRODUCT_NAME = "$(TARGET_NAME)";
			};
			name = Debug;
		};
		400E74B02726A46800137321 /* Release */ = {
			isa = XCBuildConfiguration;
			buildSettings = {
				CODE_SIGN_STYLE = Automatic;
				PRODUCT_NAME = "$(TARGET_NAME)";
			};
			name = Release;
		};
		40156E7A271192F70057A47C /* Debug */ = {
			isa = XCBuildConfiguration;
			buildSettings = {
				ALWAYS_SEARCH_USER_PATHS = NO;
				CLANG_ANALYZER_NONNULL = YES;
				CLANG_ANALYZER_NUMBER_OBJECT_CONVERSION = YES_AGGRESSIVE;
				CLANG_CXX_LANGUAGE_STANDARD = "gnu++14";
				CLANG_CXX_LIBRARY = "libc++";
				CLANG_ENABLE_MODULES = YES;
				CLANG_ENABLE_OBJC_ARC = YES;
				CLANG_ENABLE_OBJC_WEAK = YES;
				CLANG_WARN_BLOCK_CAPTURE_AUTORELEASING = YES;
				CLANG_WARN_BOOL_CONVERSION = YES;
				CLANG_WARN_COMMA = YES;
				CLANG_WARN_CONSTANT_CONVERSION = YES;
				CLANG_WARN_DEPRECATED_OBJC_IMPLEMENTATIONS = YES;
				CLANG_WARN_DIRECT_OBJC_ISA_USAGE = YES_ERROR;
				CLANG_WARN_DOCUMENTATION_COMMENTS = YES;
				CLANG_WARN_EMPTY_BODY = YES;
				CLANG_WARN_ENUM_CONVERSION = YES;
				CLANG_WARN_INFINITE_RECURSION = YES;
				CLANG_WARN_INT_CONVERSION = YES;
				CLANG_WARN_NON_LITERAL_NULL_CONVERSION = YES;
				CLANG_WARN_OBJC_IMPLICIT_RETAIN_SELF = YES;
				CLANG_WARN_OBJC_LITERAL_CONVERSION = YES;
				CLANG_WARN_OBJC_ROOT_CLASS = YES_ERROR;
				CLANG_WARN_QUOTED_INCLUDE_IN_FRAMEWORK_HEADER = YES;
				CLANG_WARN_RANGE_LOOP_ANALYSIS = YES;
				CLANG_WARN_STRICT_PROTOTYPES = YES;
				CLANG_WARN_SUSPICIOUS_MOVE = YES;
				CLANG_WARN_UNGUARDED_AVAILABILITY = YES_AGGRESSIVE;
				CLANG_WARN_UNREACHABLE_CODE = YES;
				CLANG_WARN__DUPLICATE_METHOD_MATCH = YES;
				COPY_PHASE_STRIP = NO;
				DEBUG_INFORMATION_FORMAT = dwarf;
				ENABLE_STRICT_OBJC_MSGSEND = YES;
				ENABLE_TESTABILITY = YES;
				GCC_C_LANGUAGE_STANDARD = gnu11;
				GCC_DYNAMIC_NO_PIC = NO;
				GCC_NO_COMMON_BLOCKS = YES;
				GCC_OPTIMIZATION_LEVEL = 0;
				GCC_PREPROCESSOR_DEFINITIONS = (
					"DEBUG=1",
					"$(inherited)",
				);
				GCC_WARN_64_TO_32_BIT_CONVERSION = YES;
				GCC_WARN_ABOUT_RETURN_TYPE = YES_ERROR;
				GCC_WARN_UNDECLARED_SELECTOR = YES;
				GCC_WARN_UNINITIALIZED_AUTOS = YES_AGGRESSIVE;
				GCC_WARN_UNUSED_FUNCTION = YES;
				GCC_WARN_UNUSED_VARIABLE = YES;
				MACOSX_DEPLOYMENT_TARGET = 10.15;
				MTL_ENABLE_DEBUG_INFO = INCLUDE_SOURCE;
				MTL_FAST_MATH = YES;
				ONLY_ACTIVE_ARCH = YES;
				SDKROOT = macosx;
			};
			name = Debug;
		};
		40156E7B271192F70057A47C /* Release */ = {
			isa = XCBuildConfiguration;
			buildSettings = {
				ALWAYS_SEARCH_USER_PATHS = NO;
				CLANG_ANALYZER_NONNULL = YES;
				CLANG_ANALYZER_NUMBER_OBJECT_CONVERSION = YES_AGGRESSIVE;
				CLANG_CXX_LANGUAGE_STANDARD = "gnu++14";
				CLANG_CXX_LIBRARY = "libc++";
				CLANG_ENABLE_MODULES = YES;
				CLANG_ENABLE_OBJC_ARC = YES;
				CLANG_ENABLE_OBJC_WEAK = YES;
				CLANG_WARN_BLOCK_CAPTURE_AUTORELEASING = YES;
				CLANG_WARN_BOOL_CONVERSION = YES;
				CLANG_WARN_COMMA = YES;
				CLANG_WARN_CONSTANT_CONVERSION = YES;
				CLANG_WARN_DEPRECATED_OBJC_IMPLEMENTATIONS = YES;
				CLANG_WARN_DIRECT_OBJC_ISA_USAGE = YES_ERROR;
				CLANG_WARN_DOCUMENTATION_COMMENTS = YES;
				CLANG_WARN_EMPTY_BODY = YES;
				CLANG_WARN_ENUM_CONVERSION = YES;
				CLANG_WARN_INFINITE_RECURSION = YES;
				CLANG_WARN_INT_CONVERSION = YES;
				CLANG_WARN_NON_LITERAL_NULL_CONVERSION = YES;
				CLANG_WARN_OBJC_IMPLICIT_RETAIN_SELF = YES;
				CLANG_WARN_OBJC_LITERAL_CONVERSION = YES;
				CLANG_WARN_OBJC_ROOT_CLASS = YES_ERROR;
				CLANG_WARN_QUOTED_INCLUDE_IN_FRAMEWORK_HEADER = YES;
				CLANG_WARN_RANGE_LOOP_ANALYSIS = YES;
				CLANG_WARN_STRICT_PROTOTYPES = YES;
				CLANG_WARN_SUSPICIOUS_MOVE = YES;
				CLANG_WARN_UNGUARDED_AVAILABILITY = YES_AGGRESSIVE;
				CLANG_WARN_UNREACHABLE_CODE = YES;
				CLANG_WARN__DUPLICATE_METHOD_MATCH = YES;
				COPY_PHASE_STRIP = NO;
				DEBUG_INFORMATION_FORMAT = "dwarf-with-dsym";
				ENABLE_NS_ASSERTIONS = NO;
				ENABLE_STRICT_OBJC_MSGSEND = YES;
				GCC_C_LANGUAGE_STANDARD = gnu11;
				GCC_NO_COMMON_BLOCKS = YES;
				GCC_WARN_64_TO_32_BIT_CONVERSION = YES;
				GCC_WARN_ABOUT_RETURN_TYPE = YES_ERROR;
				GCC_WARN_UNDECLARED_SELECTOR = YES;
				GCC_WARN_UNINITIALIZED_AUTOS = YES_AGGRESSIVE;
				GCC_WARN_UNUSED_FUNCTION = YES;
				GCC_WARN_UNUSED_VARIABLE = YES;
				MACOSX_DEPLOYMENT_TARGET = 10.15;
				MTL_ENABLE_DEBUG_INFO = NO;
				MTL_FAST_MATH = YES;
				SDKROOT = macosx;
			};
			name = Release;
		};
		40156E7D271192F70057A47C /* Debug */ = {
			isa = XCBuildConfiguration;
			buildSettings = {
				CODE_SIGN_STYLE = Automatic;
				PRODUCT_NAME = "$(TARGET_NAME)";
			};
			name = Debug;
		};
		40156E7E271192F70057A47C /* Release */ = {
			isa = XCBuildConfiguration;
			buildSettings = {
				CODE_SIGN_STYLE = Automatic;
				PRODUCT_NAME = "$(TARGET_NAME)";
			};
			name = Release;
		};
		4028882F2713CD6F00D8B2E2 /* Debug */ = {
			isa = XCBuildConfiguration;
			buildSettings = {
				CODE_SIGN_STYLE = Automatic;
				PRODUCT_NAME = "$(TARGET_NAME)";
			};
			name = Debug;
		};
		402888302713CD6F00D8B2E2 /* Release */ = {
			isa = XCBuildConfiguration;
			buildSettings = {
				CODE_SIGN_STYLE = Automatic;
				PRODUCT_NAME = "$(TARGET_NAME)";
			};
			name = Release;
		};
		403607CF272102F0008B1580 /* Debug */ = {
			isa = XCBuildConfiguration;
			buildSettings = {
				CODE_SIGN_STYLE = Automatic;
				PRODUCT_NAME = "$(TARGET_NAME)";
			};
			name = Debug;
		};
		403607D0272102F0008B1580 /* Release */ = {
			isa = XCBuildConfiguration;
			buildSettings = {
				CODE_SIGN_STYLE = Automatic;
				PRODUCT_NAME = "$(TARGET_NAME)";
			};
			name = Release;
		};
		40686F4927279DE400E1BBFB /* Debug */ = {
			isa = XCBuildConfiguration;
			buildSettings = {
				CODE_SIGN_STYLE = Automatic;
				PRODUCT_NAME = "$(TARGET_NAME)";
			};
			name = Debug;
		};
		40686F4A27279DE400E1BBFB /* Release */ = {
			isa = XCBuildConfiguration;
			buildSettings = {
				CODE_SIGN_STYLE = Automatic;
				PRODUCT_NAME = "$(TARGET_NAME)";
			};
			name = Release;
		};
		40686F5A2727B16300E1BBFB /* Debug */ = {
			isa = XCBuildConfiguration;
			buildSettings = {
				CODE_SIGN_STYLE = Automatic;
				PRODUCT_NAME = "$(TARGET_NAME)";
			};
			name = Debug;
		};
		40686F5B2727B16300E1BBFB /* Release */ = {
			isa = XCBuildConfiguration;
			buildSettings = {
				CODE_SIGN_STYLE = Automatic;
				PRODUCT_NAME = "$(TARGET_NAME)";
			};
			name = Release;
		};
		40F850B02728038D00B8DCB5 /* Debug */ = {
			isa = XCBuildConfiguration;
			buildSettings = {
				CODE_SIGN_STYLE = Automatic;
				PRODUCT_NAME = "$(TARGET_NAME)";
			};
			name = Debug;
		};
		40F850B12728038D00B8DCB5 /* Release */ = {
			isa = XCBuildConfiguration;
			buildSettings = {
				CODE_SIGN_STYLE = Automatic;
				PRODUCT_NAME = "$(TARGET_NAME)";
			};
			name = Release;
		};
		40FD79132744DDA40043898C /* Debug */ = {
			isa = XCBuildConfiguration;
			buildSettings = {
				CODE_SIGN_STYLE = Automatic;
				PRODUCT_NAME = "$(TARGET_NAME)";
			};
			name = Debug;
		};
		40FD79142744DDA40043898C /* Release */ = {
			isa = XCBuildConfiguration;
			buildSettings = {
				CODE_SIGN_STYLE = Automatic;
				PRODUCT_NAME = "$(TARGET_NAME)";
			};
			name = Release;
		};
/* End XCBuildConfiguration section */

/* Begin XCConfigurationList section */
		4000F080273A5F7F00B06CC7 /* Build configuration list for PBXNativeTarget "FloatNum" */ = {
			isa = XCConfigurationList;
			buildConfigurations = (
				4000F07E273A5F7F00B06CC7 /* Debug */,
				4000F07F273A5F7F00B06CC7 /* Release */,
			);
			defaultConfigurationIsVisible = 0;
			defaultConfigurationName = Release;
		};
		400E74B12726A46800137321 /* Build configuration list for PBXNativeTarget "Limits" */ = {
			isa = XCConfigurationList;
			buildConfigurations = (
				400E74AF2726A46800137321 /* Debug */,
				400E74B02726A46800137321 /* Release */,
			);
			defaultConfigurationIsVisible = 0;
			defaultConfigurationName = Release;
		};
		40156E70271192F70057A47C /* Build configuration list for PBXProject "Foundation" */ = {
			isa = XCConfigurationList;
			buildConfigurations = (
				40156E7A271192F70057A47C /* Debug */,
				40156E7B271192F70057A47C /* Release */,
			);
			defaultConfigurationIsVisible = 0;
			defaultConfigurationName = Release;
		};
		40156E7C271192F70057A47C /* Build configuration list for PBXNativeTarget "Foundation" */ = {
			isa = XCConfigurationList;
			buildConfigurations = (
				40156E7D271192F70057A47C /* Debug */,
				40156E7E271192F70057A47C /* Release */,
			);
			defaultConfigurationIsVisible = 0;
			defaultConfigurationName = Release;
		};
		4028882E2713CD6F00D8B2E2 /* Build configuration list for PBXNativeTarget "AddArray" */ = {
			isa = XCConfigurationList;
			buildConfigurations = (
				4028882F2713CD6F00D8B2E2 /* Debug */,
				402888302713CD6F00D8B2E2 /* Release */,
			);
			defaultConfigurationIsVisible = 0;
			defaultConfigurationName = Release;
		};
		403607CE272102F0008B1580 /* Build configuration list for PBXNativeTarget "TempConvert" */ = {
			isa = XCConfigurationList;
			buildConfigurations = (
				403607CF272102F0008B1580 /* Debug */,
				403607D0272102F0008B1580 /* Release */,
			);
			defaultConfigurationIsVisible = 0;
			defaultConfigurationName = Release;
		};
		40686F4B27279DE400E1BBFB /* Build configuration list for PBXNativeTarget "Exceed" */ = {
			isa = XCConfigurationList;
			buildConfigurations = (
				40686F4927279DE400E1BBFB /* Debug */,
				40686F4A27279DE400E1BBFB /* Release */,
			);
			defaultConfigurationIsVisible = 0;
			defaultConfigurationName = Release;
		};
		40686F592727B16300E1BBFB /* Build configuration list for PBXNativeTarget "HexOct" */ = {
			isa = XCConfigurationList;
			buildConfigurations = (
				40686F5A2727B16300E1BBFB /* Debug */,
				40686F5B2727B16300E1BBFB /* Release */,
			);
			defaultConfigurationIsVisible = 0;
			defaultConfigurationName = Release;
		};
		40F850B22728038D00B8DCB5 /* Build configuration list for PBXNativeTarget "Bondini" */ = {
			isa = XCConfigurationList;
			buildConfigurations = (
				40F850B02728038D00B8DCB5 /* Debug */,
				40F850B12728038D00B8DCB5 /* Release */,
			);
			defaultConfigurationIsVisible = 0;
			defaultConfigurationName = Release;
		};
		40FD79152744DDA40043898C /* Build configuration list for PBXNativeTarget "FloatAdd" */ = {
			isa = XCConfigurationList;
			buildConfigurations = (
				40FD79132744DDA40043898C /* Debug */,
				40FD79142744DDA40043898C /* Release */,
			);
			defaultConfigurationIsVisible = 0;
			defaultConfigurationName = Release;
		};
/* End XCConfigurationList section */
	};
	rootObject = 40156E6D271192F70057A47C /* Project object */;
}
